
Microsoft Visual Studio Solution File, Format Version 12.00
# Visual Studio Version 17
VisualStudioVersion = 17.14.36930.0 d17.14
MinimumVisualStudioVersion = 10.0.40219.1
Project("{8BC9CEB8-8B4A-11D0-8D11-00A0C91BC942}") = "ДЗ 1.Классы.Малюгиной Софьи ПИ04.Вариант14", "ДЗ 1.Классы.Малюгиной Софьи ПИ04.Вариант14\ДЗ 1.Классы.Малюгиной Софьи ПИ04.Вариант14.vcxproj", "{852931D3-7327-4366-B5B5-D9A4394465C9}"
EndProject
Global
	GlobalSection(SolutionConfigurationPlatforms) = preSolution
		Debug|ARM64 = Debug|ARM64
		Debug|x64 = Debug|x64
		Debug|x86 = Debug|x86
		Release|ARM64 = Release|ARM64
		Release|x64 = Release|x64
		Release|x86 = Release|x86
	EndGlobalSection
	GlobalSection(ProjectConfigurationPlatforms) = postSolution
		{852931D3-7327-4366-B5B5-D9A4394465C9}.Debug|ARM64.ActiveCfg = Debug|ARM64
		{852931D3-7327-4366-B5B5-D9A4394465C9}.Debug|ARM64.Build.0 = Debug|ARM64
		{852931D3-7327-4366-B5B5-D9A4394465C9}.Debug|x64.ActiveCfg = Debug|x64
		{852931D3-7327-4366-B5B5-D9A4394465C9}.Debug|x64.Build.0 = Debug|x64
		{852931D3-7327-4366-B5B5-D9A4394465C9}.Debug|x86.ActiveCfg = Debug|Win32
		{852931D3-7327-4366-B5B5-D9A4394465C9}.Debug|x86.Build.0 = Debug|Win32
		{852931D3-7327-4366-B5B5-D9A4394465C9}.Release|ARM64.ActiveCfg = Release|ARM64
		{852931D3-7327-4366-B5B5-D9A4394465C9}.Release|ARM64.Build.0 = Release|ARM64
		{852931D3-7327-4366-B5B5-D9A4394465C9}.Release|x64.ActiveCfg = Release|x64
		{852931D3-7327-4366-B5B5-D9A4394465C9}.Release|x64.Build.0 = Release|x64
		{852931D3-7327-4366-B5B5-D9A4394465C9}.Release|x86.ActiveCfg = Release|Win32
		{852931D3-7327-4366-B5B5-D9A4394465C9}.Release|x86.Build.0 = Release|Win32
	EndGlobalSection
	GlobalSection(SolutionProperties) = preSolution
		HideSolutionNode = FALSE
	EndGlobalSection
	GlobalSection(ExtensibilityGlobals) = postSolution
		SolutionGuid = {AD7C5AF3-D2AC-4755-88F8-0D513FE26D67}
	EndGlobalSection
EndGlobal
